
Microsoft Visual Studio Solution File, Format Version 12.00
# Visual Studio Version 17
VisualStudioVersion = 17.13.35828.75 d17.13
MinimumVisualStudioVersion = 10.0.40219.1
Project("{FAE04EC0-301F-11D3-BF4B-00C04F79EFBC}") = "Basic_AWS_App", "Basic_AWS_App\Basic_AWS_App.csproj", "{908AF75F-3915-4422-8ED2-960520FC3B5F}"
EndProject
Global
	GlobalSection(SolutionConfigurationPlatforms) = preSolution
		Debug|Any CPU = Debug|Any CPU
		Release|Any CPU = Release|Any CPU
	EndGlobalSection
	GlobalSection(ProjectConfigurationPlatforms) = postSolution
		{908AF75F-3915-4422-8ED2-960520FC3B5F}.Debug|Any CPU.ActiveCfg = Debug|Any CPU
		{908AF75F-3915-4422-8ED2-960520FC3B5F}.Debug|Any CPU.Build.0 = Debug|Any CPU
		{908AF75F-3915-4422-8ED2-960520FC3B5F}.Release|Any CPU.ActiveCfg = Release|Any CPU
		{908AF75F-3915-4422-8ED2-960520FC3B5F}.Release|Any CPU.Build.0 = Release|Any CPU
	EndGlobalSection
	GlobalSection(SolutionProperties) = preSolution
		HideSolutionNode = FALSE
	EndGlobalSection
	GlobalSection(ExtensibilityGlobals) = postSolution
		SolutionGuid = {FBB4871A-3117-45F8-A2DA-4BA6C23E4DB1}
	EndGlobalSection
EndGlobal
